{
  "version": 4,
  "terraform_version": "0.14.0",
  "serial": 132,
  "lineage": "317ae9c1-5f7f-12d9-5149-287a64855543",
  "outputs": {
    "PublicIP": {
      "value": "65.0.127.8",
      "type": "string"
    }
  },
  "resources": [
    {
      "mode": "managed",
      "type": "aws_key_pair",
      "name": "ojasKey",
      "provider": "provider[\"registry.terraform.io/hashicorp/aws\"]",
      "instances": [
        {
          "schema_version": 1,
          "attributes": {
            "arn": "arn:aws:ec2:ap-south-1:046574264211:key-pair/Ojas-key",
            "fingerprint": "76:fd:04:1a:43:29:8d:fa:20:9a:6d:9f:cc:04:93:25",
            "id": "Ojas-key",
            "key_name": "Ojas-key",
            "key_name_prefix": null,
            "key_pair_id": "key-0f0e06f6dc92a8b01",
            "public_key": "ssh-rsa AAAAB3NzaC1yc2EAAAABJQAAAQEAm1FLUurvOG+bewbS0+uhYOWx7BLFMVjmbc9HBm3mQeBAXsIErs2YinaU31Z9bK34UoEqI7KJRlkr+pSfTNQ53yiXKSAcG0MCc6RGsHHdmjDbNqpMn5yReb79ZHxpxOdnGWs9r0smFjokGA6F0uGGKWyW3KNAbQzY1uQTwklA/vEKxWAagzBrCb2m5EC02yZtG7ZujEfO8jmyEv7GQIQ6kzldK2IP/36CJylYObBm7/Y9uH5zUvBddFsId8kbEBDvMiFH+luMAjHeUltafUWhhW0NtdDb1/9XGSZ0rcGYYHF/3PUAX5gpYY6oU+AWhepDQHvPF8T/56XEoPtr0CkJlw== rsa-key-20201217",
            "tags": {}
          },
          "sensitive_attributes": [],
          "private": "eyJzY2hlbWFfdmVyc2lvbiI6IjEifQ=="
        }
      ]
    },
    {
      "mode": "managed",
      "type": "aws_vpc",
      "name": "example",
      "provider": "provider[\"registry.terraform.io/hashicorp/aws\"]",
      "instances": [
        {
          "schema_version": 1,
          "attributes": {
            "arn": "arn:aws:ec2:ap-south-1:046574264211:vpc/vpc-07a5f7ffb99a35c00",
            "assign_generated_ipv6_cidr_block": false,
            "cidr_block": "10.0.0.0/24",
            "default_network_acl_id": "acl-09c5406bf2ce9c0e3",
            "default_route_table_id": "rtb-0485ff14ac61efd90",
            "default_security_group_id": "sg-0981794eff108abc4",
            "dhcp_options_id": "dopt-5fd63834",
            "enable_classiclink": null,
            "enable_classiclink_dns_support": null,
            "enable_dns_hostnames": false,
            "enable_dns_support": true,
            "id": "vpc-07a5f7ffb99a35c00",
            "instance_tenancy": "default",
            "ipv6_association_id": "",
            "ipv6_cidr_block": "",
            "main_route_table_id": "rtb-0485ff14ac61efd90",
            "owner_id": "046574264211",
            "tags": {}
          },
          "sensitive_attributes": [],
          "private": "eyJzY2hlbWFfdmVyc2lvbiI6IjEifQ=="
        }
      ]
    },
    {
      "module": "module.spiderfoot",
      "mode": "managed",
      "type": "aws_instance",
      "name": "db",
      "provider": "provider[\"registry.terraform.io/hashicorp/aws\"]",
      "instances": [
        {
          "schema_version": 1,
          "attributes": {
            "ami": "ami-0a4a70bd98c6d6441",
            "arn": "arn:aws:ec2:ap-south-1:046574264211:instance/i-06f3b821cc305b8a6",
            "associate_public_ip_address": true,
            "availability_zone": "ap-south-1b",
            "cpu_core_count": 2,
            "cpu_threads_per_core": 1,
            "credit_specification": [
              {
                "cpu_credits": "standard"
              }
            ],
            "disable_api_termination": false,
            "ebs_block_device": [],
            "ebs_optimized": false,
            "ephemeral_block_device": [],
            "get_password_data": false,
            "hibernation": false,
            "host_id": null,
            "iam_instance_profile": "",
            "id": "i-06f3b821cc305b8a6",
            "instance_initiated_shutdown_behavior": null,
            "instance_state": "running",
            "instance_type": "t2.medium",
            "ipv6_address_count": 0,
            "ipv6_addresses": [],
            "key_name": "Ojas-key",
            "metadata_options": [
              {
                "http_endpoint": "enabled",
                "http_put_response_hop_limit": 1,
                "http_tokens": "optional"
              }
            ],
            "monitoring": false,
            "network_interface": [],
            "outpost_arn": "",
            "password_data": "",
            "placement_group": "",
            "primary_network_interface_id": "eni-022c7473424bfe4a8",
            "private_dns": "ip-172-31-7-80.ap-south-1.compute.internal",
            "private_ip": "172.31.7.80",
            "public_dns": "ec2-65-0-127-8.ap-south-1.compute.amazonaws.com",
            "public_ip": "65.0.127.8",
            "root_block_device": [
              {
                "delete_on_termination": true,
                "device_name": "/dev/sda1",
                "encrypted": false,
                "iops": 100,
                "kms_key_id": "",
                "volume_id": "vol-02c9c887b6a4bffd3",
                "volume_size": 8,
                "volume_type": "gp2"
              }
            ],
            "secondary_private_ips": [],
            "security_groups": [
              "Allow Web Traffic"
            ],
            "source_dest_check": true,
            "subnet_id": "subnet-08350fe68ce02073d",
            "tags": {
              "Name": "Server Spiderfoot"
            },
            "tenancy": "default",
            "timeouts": null,
            "user_data": "24ca9b77e0f1926dd0c5234e815733ce02ba68a0",
            "user_data_base64": null,
            "volume_tags": {},
            "vpc_security_group_ids": [
              "sg-0d714c2c97402a721"
            ]
          },
          "sensitive_attributes": [],
          "private": "eyJlMmJmYjczMC1lY2FhLTExZTYtOGY4OC0zNDM2M2JjN2M0YzAiOnsiY3JlYXRlIjo2MDAwMDAwMDAwMDAsImRlbGV0ZSI6MTIwMDAwMDAwMDAwMCwidXBkYXRlIjo2MDAwMDAwMDAwMDB9LCJzY2hlbWFfdmVyc2lvbiI6IjEifQ==",
          "dependencies": [
            "module.spiderfoot.module.sg.aws_security_group.web_traffic"
          ]
        }
      ]
    },
    {
      "module": "module.spiderfoot",
      "mode": "managed",
      "type": "aws_route53_record",
      "name": "csc-osint",
      "provider": "provider[\"registry.terraform.io/hashicorp/aws\"]",
      "instances": [
        {
          "schema_version": 2,
          "attributes": {
            "alias": [],
            "allow_overwrite": true,
            "failover_routing_policy": [],
            "fqdn": "www.csc-osint.cf",
            "geolocation_routing_policy": [],
            "health_check_id": "",
            "id": "Z01982291TR98P1EZ3R53_www.csc-osint.cf_NS",
            "latency_routing_policy": [],
            "multivalue_answer_routing_policy": null,
            "name": "www.csc-osint.cf",
            "records": [
              "ns-118.awsdns-14.com",
              "ns-1239.awsdns-26.org",
              "ns-1952.awsdns-52.co.uk",
              "ns-640.awsdns-16.net"
            ],
            "set_identifier": "",
            "ttl": 30,
            "type": "NS",
            "weighted_routing_policy": [],
            "zone_id": "Z01982291TR98P1EZ3R53"
          },
          "sensitive_attributes": [],
          "private": "eyJzY2hlbWFfdmVyc2lvbiI6IjIifQ==",
          "dependencies": [
            "module.spiderfoot.aws_route53_zone.csc-osint"
          ]
        }
      ]
    },
    {
      "module": "module.spiderfoot",
      "mode": "managed",
      "type": "aws_route53_record",
      "name": "www",
      "provider": "provider[\"registry.terraform.io/hashicorp/aws\"]",
      "instances": [
        {
          "schema_version": 2,
          "attributes": {
            "alias": [],
            "allow_overwrite": null,
            "failover_routing_policy": [],
            "fqdn": "www.csc-osint.cf",
            "geolocation_routing_policy": [],
            "health_check_id": "",
            "id": "Z01982291TR98P1EZ3R53_www.csc-osint.cf_A",
            "latency_routing_policy": [],
            "multivalue_answer_routing_policy": null,
            "name": "www.csc-osint.cf",
            "records": [
              "65.0.127.8"
            ],
            "set_identifier": "",
            "ttl": 300,
            "type": "A",
            "weighted_routing_policy": [],
            "zone_id": "Z01982291TR98P1EZ3R53"
          },
          "sensitive_attributes": [],
          "private": "eyJzY2hlbWFfdmVyc2lvbiI6IjIifQ==",
          "dependencies": [
            "module.spiderfoot.aws_instance.db",
            "module.spiderfoot.aws_route53_zone.csc-osint",
            "module.spiderfoot.module.sg.aws_security_group.web_traffic"
          ]
        }
      ]
    },
    {
      "module": "module.spiderfoot",
      "mode": "managed",
      "type": "aws_route53_zone",
      "name": "csc-osint",
      "provider": "provider[\"registry.terraform.io/hashicorp/aws\"]",
      "instances": [
        {
          "schema_version": 0,
          "attributes": {
            "comment": "Managed by Terraform",
            "delegation_set_id": "",
            "force_destroy": false,
            "id": "Z01982291TR98P1EZ3R53",
            "name": "www.csc-osint.cf",
            "name_servers": [
              "ns-118.awsdns-14.com",
              "ns-1239.awsdns-26.org",
              "ns-1952.awsdns-52.co.uk",
              "ns-640.awsdns-16.net"
            ],
            "tags": {},
            "vpc": [],
            "zone_id": "Z01982291TR98P1EZ3R53"
          },
          "sensitive_attributes": [],
          "private": "bnVsbA=="
        }
      ]
    },
    {
      "module": "module.spiderfoot.module.sg",
      "mode": "managed",
      "type": "aws_security_group",
      "name": "web_traffic",
      "provider": "provider[\"registry.terraform.io/hashicorp/aws\"]",
      "instances": [
        {
          "schema_version": 1,
          "attributes": {
            "arn": "arn:aws:ec2:ap-south-1:046574264211:security-group/sg-0d714c2c97402a721",
            "description": "Managed by Terraform",
            "egress": [
              {
                "cidr_blocks": [
                  "0.0.0.0/0"
                ],
                "description": "",
                "from_port": 0,
                "ipv6_cidr_blocks": [],
                "prefix_list_ids": [],
                "protocol": "-1",
                "security_groups": [],
                "self": false,
                "to_port": 0
              }
            ],
            "id": "sg-0d714c2c97402a721",
            "ingress": [
              {
                "cidr_blocks": [
                  "0.0.0.0/0"
                ],
                "description": "",
                "from_port": 443,
                "ipv6_cidr_blocks": [],
                "prefix_list_ids": [],
                "protocol": "tcp",
                "security_groups": [],
                "self": false,
                "to_port": 443
              },
              {
                "cidr_blocks": [
                  "0.0.0.0/0"
                ],
                "description": "",
                "from_port": 80,
                "ipv6_cidr_blocks": [],
                "prefix_list_ids": [],
                "protocol": "tcp",
                "security_groups": [],
                "self": false,
                "to_port": 80
              }
            ],
            "name": "Allow Web Traffic",
            "name_prefix": "",
            "owner_id": "046574264211",
            "revoke_rules_on_delete": false,
            "tags": {},
            "timeouts": null,
            "vpc_id": "vpc-03987e12939c353f4"
          },
          "sensitive_attributes": [],
          "private": "eyJlMmJmYjczMC1lY2FhLTExZTYtOGY4OC0zNDM2M2JjN2M0YzAiOnsiY3JlYXRlIjo2MDAwMDAwMDAwMDAsImRlbGV0ZSI6NjAwMDAwMDAwMDAwfSwic2NoZW1hX3ZlcnNpb24iOiIxIn0="
        }
      ]
    }
  ]
}
